
Microsoft Visual Studio Solution File, Format Version 12.00
# Visual Studio 15
VisualStudioVersion = 15.0.27703.2047
MinimumVisualStudioVersion = 10.0.40219.1
Project("{FAE04EC0-301F-11D3-BF4B-00C04F79EFBC}") = "Farmahub", "Farmahub\Farmahub.csproj", "{5A8DE421-5A8A-442F-9928-9A500FDB694C}"
EndProject
Global
	GlobalSection(SolutionConfigurationPlatforms) = preSolution
		Debug|Any CPU = Debug|Any CPU
		Release|Any CPU = Release|Any CPU
	EndGlobalSection
	GlobalSection(ProjectConfigurationPlatforms) = postSolution
		{5A8DE421-5A8A-442F-9928-9A500FDB694C}.Debug|Any CPU.ActiveCfg = Debug|Any CPU
		{5A8DE421-5A8A-442F-9928-9A500FDB694C}.Debug|Any CPU.Build.0 = Debug|Any CPU
		{5A8DE421-5A8A-442F-9928-9A500FDB694C}.Release|Any CPU.ActiveCfg = Release|Any CPU
		{5A8DE421-5A8A-442F-9928-9A500FDB694C}.Release|Any CPU.Build.0 = Release|Any CPU
	EndGlobalSection
	GlobalSection(SolutionProperties) = preSolution
		HideSolutionNode = FALSE
	EndGlobalSection
	GlobalSection(ExtensibilityGlobals) = postSolution
		SolutionGuid = {DFA78F2A-1AB6-416D-A721-365F02D3D93A}
	EndGlobalSection
EndGlobal
